Microsoft Visual Studio Solution File, Format Version 12.00
# Visual Studio 15
VisualStudioVersion = 15.0.27130.0
MinimumVisualStudioVersion = 10.0.40219.1
Project("{8BC9CEB8-8B4A-11D0-8D11-00A0C91BC942}") = "EmptyProject", "EmptyProject_2010.vcxproj", "{D3D09108-96D0-4629-88B8-122C0256058C}"
EndProject
Project("{8BC9CEB8-8B4A-11D0-8D11-00A0C91BC942}") = "testConsol", "..\testConsol\testConsol.vcxproj", "{4135C782-657A-4AB3-8169-EEC335C4EE69}"
EndProject
Project("{8BC9CEB8-8B4A-11D0-8D11-00A0C91BC942}") = "aiTest", "..\aiTest\aiTest.vcxproj", "{DF927456-10F2-4AA1-B6B1-983B71201DA0}"
EndProject
Global
	GlobalSection(SolutionConfigurationPlatforms) = preSolution
		Debug|Win32 = Debug|Win32
		Debug|x64 = Debug|x64
		Profile|Win32 = Profile|Win32
		Profile|x64 = Profile|x64
		Release|Win32 = Release|Win32
		Release|x64 = Release|x64
	EndGlobalSection
	GlobalSection(ProjectConfigurationPlatforms) = postSolution
		{D3D09108-96D0-4629-88B8-122C0256058C}.Debug|Win32.ActiveCfg = Debug|Win32
		{D3D09108-96D0-4629-88B8-122C0256058C}.Debug|Win32.Build.0 = Debug|Win32
		{D3D09108-96D0-4629-88B8-122C0256058C}.Debug|x64.ActiveCfg = Debug|x64
		{D3D09108-96D0-4629-88B8-122C0256058C}.Debug|x64.Build.0 = Debug|x64
		{D3D09108-96D0-4629-88B8-122C0256058C}.Profile|Win32.ActiveCfg = Profile|Win32
		{D3D09108-96D0-4629-88B8-122C0256058C}.Profile|Win32.Build.0 = Profile|Win32
		{D3D09108-96D0-4629-88B8-122C0256058C}.Profile|x64.ActiveCfg = Profile|x64
		{D3D09108-96D0-4629-88B8-122C0256058C}.Profile|x64.Build.0 = Profile|x64
		{D3D09108-96D0-4629-88B8-122C0256058C}.Release|Win32.ActiveCfg = Release|Win32
		{D3D09108-96D0-4629-88B8-122C0256058C}.Release|Win32.Build.0 = Release|Win32
		{D3D09108-96D0-4629-88B8-122C0256058C}.Release|x64.ActiveCfg = Release|x64
		{D3D09108-96D0-4629-88B8-122C0256058C}.Release|x64.Build.0 = Release|x64
		{4135C782-657A-4AB3-8169-EEC335C4EE69}.Debug|Win32.ActiveCfg = Debug|Win32
		{4135C782-657A-4AB3-8169-EEC335C4EE69}.Debug|Win32.Build.0 = Debug|Win32
		{4135C782-657A-4AB3-8169-EEC335C4EE69}.Debug|x64.ActiveCfg = Debug|x64
		{4135C782-657A-4AB3-8169-EEC335C4EE69}.Debug|x64.Build.0 = Debug|x64
		{4135C782-657A-4AB3-8169-EEC335C4EE69}.Profile|Win32.ActiveCfg = Release|Win32
		{4135C782-657A-4AB3-8169-EEC335C4EE69}.Profile|Win32.Build.0 = Release|Win32
		{4135C782-657A-4AB3-8169-EEC335C4EE69}.Profile|x64.ActiveCfg = Release|x64
		{4135C782-657A-4AB3-8169-EEC335C4EE69}.Profile|x64.Build.0 = Release|x64
		{4135C782-657A-4AB3-8169-EEC335C4EE69}.Release|Win32.ActiveCfg = Release|Win32
		{4135C782-657A-4AB3-8169-EEC335C4EE69}.Release|Win32.Build.0 = Release|Win32
		{4135C782-657A-4AB3-8169-EEC335C4EE69}.Release|x64.ActiveCfg = Release|x64
		{4135C782-657A-4AB3-8169-EEC335C4EE69}.Release|x64.Build.0 = Release|x64
		{DF927456-10F2-4AA1-B6B1-983B71201DA0}.Debug|Win32.ActiveCfg = Debug|Win32
		{DF927456-10F2-4AA1-B6B1-983B71201DA0}.Debug|Win32.Build.0 = Debug|Win32
		{DF927456-10F2-4AA1-B6B1-983B71201DA0}.Debug|x64.ActiveCfg = Debug|x64
		{DF927456-10F2-4AA1-B6B1-983B71201DA0}.Debug|x64.Build.0 = Debug|x64
		{DF927456-10F2-4AA1-B6B1-983B71201DA0}.Profile|Win32.ActiveCfg = Release|Win32
		{DF927456-10F2-4AA1-B6B1-983B71201DA0}.Profile|Win32.Build.0 = Release|Win32
		{DF927456-10F2-4AA1-B6B1-983B71201DA0}.Profile|x64.ActiveCfg = Release|x64
		{DF927456-10F2-4AA1-B6B1-983B71201DA0}.Profile|x64.Build.0 = Release|x64
		{DF927456-10F2-4AA1-B6B1-983B71201DA0}.Release|Win32.ActiveCfg = Release|Win32
		{DF927456-10F2-4AA1-B6B1-983B71201DA0}.Release|Win32.Build.0 = Release|Win32
		{DF927456-10F2-4AA1-B6B1-983B71201DA0}.Release|x64.ActiveCfg = Release|x64
		{DF927456-10F2-4AA1-B6B1-983B71201DA0}.Release|x64.Build.0 = Release|x64
	EndGlobalSection
	GlobalSection(SolutionProperties) = preSolution
		HideSolutionNode = FALSE
	EndGlobalSection
	GlobalSection(ExtensibilityGlobals) = postSolution
		SolutionGuid = {31848D7A-76C4-41F6-896C-6747C0102BD6}
	EndGlobalSection
EndGlobal
